// !$*UTF8*$!
{
	archiveVersion = 1;
	classes = {
	};
	objectVersion = 55;
	objects = {

/* Begin PBXBuildFile section */
		7B579DB2287F002B007B1A15 /* AppDelegate.swift in Sources */ = {isa = PBXBuildFile; fileRef = 7B579DB1287F002B007B1A15 /* AppDelegate.swift */; };
		7B579DB4287F002B007B1A15 /* SceneDelegate.swift in Sources */ = {isa = PBXBuildFile; fileRef = 7B579DB3287F002B007B1A15 /* SceneDelegate.swift */; };
		7B579DB6287F002B007B1A15 /* ViewController.swift in Sources */ = {isa = PBXBuildFile; fileRef = 7B579DB5287F002B007B1A15 /* ViewController.swift */; };
		7B579DB9287F002B007B1A15 /* Main.storyboard in Resources */ = {isa = PBXBuildFile; fileRef = 7B579DB7287F002B007B1A15 /* Main.storyboard */; };
		7B579DBB287F0033007B1A15 /* Assets.xcassets in Resources */ = {isa = PBXBuildFile; fileRef = 7B579DBA287F0033007B1A15 /* Assets.xcassets */; };
		7B579DBE287F0033007B1A15 /* LaunchScreen.storyboard in Resources */ = {isa = PBXBuildFile; fileRef = 7B579DBC287F0033007B1A15 /* LaunchScreen.storyboard */; };
		7B579DD3287F0033007B1A15 /* LifeCycleUITests.swift in Sources */ = {isa = PBXBuildFile; fileRef = 7B579DD2287F0033007B1A15 /* LifeCycleUITests.swift */; };
		7B579DD5287F0033007B1A15 /* LifeCycleUITestsLaunchTests.swift in Sources */ = {isa = PBXBuildFile; fileRef = 7B579DD4287F0033007B1A15 /* LifeCycleUITestsLaunchTests.swift */; };
		7B579DE4287F04DD007B1A15 /* MyClass.swift in Sources */ = {isa = PBXBuildFile; fileRef = 7B579DE1287F01DE007B1A15 /* MyClass.swift */; };
		7B579DE8287F057D007B1A15 /* MyClassTest.swift in Sources */ = {isa = PBXBuildFile; fileRef = 7B579DE7287F057D007B1A15 /* MyClassTest.swift */; };
/* End PBXBuildFile section */

/* Begin PBXContainerItemProxy section */
		7B579DC5287F0033007B1A15 /* PBXContainerItemProxy */ = {
			isa = PBXContainerItemProxy;
			containerPortal = 7B579DA6287F002B007B1A15 /* Project object */;
			proxyType = 1;
			remoteGlobalIDString = 7B579DAD287F002B007B1A15;
			remoteInfo = LifeCycle;
		};
		7B579DCF287F0033007B1A15 /* PBXContainerItemProxy */ = {
			isa = PBXContainerItemProxy;
			containerPortal = 7B579DA6287F002B007B1A15 /* Project object */;
			proxyType = 1;
			remoteGlobalIDString = 7B579DAD287F002B007B1A15;
			remoteInfo = LifeCycle;
		};
/* End PBXContainerItemProxy section */

/* Begin PBXFileReference section */
		7B579DAE287F002B007B1A15 /* LifeCycle.app */ = {isa = PBXFileReference; explicitFileType = wrapper.application; includeInIndex = 0; path = LifeCycle.app; sourceTree = BUILT_PRODUCTS_DIR; };
		7B579DB1287F002B007B1A15 /* AppDelegate.swift */ = {isa = PBXFileReference; lastKnownFileType = sourcecode.swift; path = AppDelegate.swift; sourceTree = "<group>"; };
		7B579DB3287F002B007B1A15 /* SceneDelegate.swift */ = {isa = PBXFileReference; lastKnownFileType = sourcecode.swift; path = SceneDelegate.swift; sourceTree = "<group>"; };
		7B579DB5287F002B007B1A15 /* ViewController.swift */ = {isa = PBXFileReference; lastKnownFileType = sourcecode.swift; path = ViewController.swift; sourceTree = "<group>"; };
		7B579DB8287F002B007B1A15 /* Base */ = {isa = PBXFileReference; lastKnownFileType = file.storyboard; name = Base; path = Base.lproj/Main.storyboard; sourceTree = "<group>"; };
		7B579DBA287F0033007B1A15 /* Assets.xcassets */ = {isa = PBXFileReference; lastKnownFileType = folder.assetcatalog; path = Assets.xcassets; sourceTree = "<group>"; };
		7B579DBD287F0033007B1A15 /* Base */ = {isa = PBXFileReference; lastKnownFileType = file.storyboard; name = Base; path = Base.lproj/LaunchScreen.storyboard; sourceTree = "<group>"; };
		7B579DBF287F0033007B1A15 /* Info.plist */ = {isa = PBXFileReference; lastKnownFileType = text.plist.xml; path = Info.plist; sourceTree = "<group>"; };
		7B579DC4287F0033007B1A15 /* LifeCycleTests.xctest */ = {isa = PBXFileReference; explicitFileType = wrapper.cfbundle; includeInIndex = 0; path = LifeCycleTests.xctest; sourceTree = BUILT_PRODUCTS_DIR; };
		7B579DCE287F0033007B1A15 /* LifeCycleUITests.xctest */ = {isa = PBXFileReference; explicitFileType = wrapper.cfbundle; includeInIndex = 0; path = LifeCycleUITests.xctest; sourceTree = BUILT_PRODUCTS_DIR; };
		7B579DD2287F0033007B1A15 /* LifeCycleUITests.swift */ = {isa = PBXFileReference; lastKnownFileType = sourcecode.swift; path = LifeCycleUITests.swift; sourceTree = "<group>"; };
		7B579DD4287F0033007B1A15 /* LifeCycleUITestsLaunchTests.swift */ = {isa = PBXFileReference; lastKnownFileType = sourcecode.swift; path = LifeCycleUITestsLaunchTests.swift; sourceTree = "<group>"; };
		7B579DE1287F01DE007B1A15 /* MyClass.swift */ = {isa = PBXFileReference; lastKnownFileType = sourcecode.swift; path = MyClass.swift; sourceTree = "<group>"; };
		7B579DE7287F057D007B1A15 /* MyClassTest.swift */ = {isa = PBXFileReference; lastKnownFileType = sourcecode.swift; path = MyClassTest.swift; sourceTree = "<group>"; };
/* End PBXFileReference section */

/* Begin PBXFrameworksBuildPhase section */
		7B579DAB287F002B007B1A15 /* Frameworks */ = {
			isa = PBXFrameworksBuildPhase;
			buildActionMask = 2147483647;
			files = (
			);
			runOnlyForDeploymentPostprocessing = 0;
		};
		7B579DC1287F0033007B1A15 /* Frameworks */ = {
			isa = PBXFrameworksBuildPhase;
			buildActionMask = 2147483647;
			files = (
			);
			runOnlyForDeploymentPostprocessing = 0;
		};
		7B579DCB287F0033007B1A15 /* Frameworks */ = {
			isa = PBXFrameworksBuildPhase;
			buildActionMask = 2147483647;
			files = (
			);
			runOnlyForDeploymentPostprocessing = 0;
		};
/* End PBXFrameworksBuildPhase section */

/* Begin PBXGroup section */
		7B579DA5287F002B007B1A15 = {
			isa = PBXGroup;
			children = (
				7B579DB0287F002B007B1A15 /* LifeCycle */,
				7B579DC7287F0033007B1A15 /* LifeCycleTests */,
				7B579DD1287F0033007B1A15 /* LifeCycleUITests */,
				7B579DAF287F002B007B1A15 /* Products */,
			);
			sourceTree = "<group>";
		};
		7B579DAF287F002B007B1A15 /* Products */ = {
			isa = PBXGroup;
			children = (
				7B579DAE287F002B007B1A15 /* LifeCycle.app */,
				7B579DC4287F0033007B1A15 /* LifeCycleTests.xctest */,
				7B579DCE287F0033007B1A15 /* LifeCycleUITests.xctest */,
			);
			name = Products;
			sourceTree = "<group>";
		};
		7B579DB0287F002B007B1A15 /* LifeCycle */ = {
			isa = PBXGroup;
			children = (
				7B579DB1287F002B007B1A15 /* AppDelegate.swift */,
				7B579DB3287F002B007B1A15 /* SceneDelegate.swift */,
				7B579DB5287F002B007B1A15 /* ViewController.swift */,
				7B579DB7287F002B007B1A15 /* Main.storyboard */,
				7B579DBA287F0033007B1A15 /* Assets.xcassets */,
				7B579DBC287F0033007B1A15 /* LaunchScreen.storyboard */,
				7B579DBF287F0033007B1A15 /* Info.plist */,
				7B579DE1287F01DE007B1A15 /* MyClass.swift */,
			);
			path = LifeCycle;
			sourceTree = "<group>";
		};
		7B579DC7287F0033007B1A15 /* LifeCycleTests */ = {
			isa = PBXGroup;
			children = (
				7B579DE7287F057D007B1A15 /* MyClassTest.swift */,
			);
			path = LifeCycleTests;
			sourceTree = "<group>";
		};
		7B579DD1287F0033007B1A15 /* LifeCycleUITests */ = {
			isa = PBXGroup;
			children = (
				7B579DD2287F0033007B1A15 /* LifeCycleUITests.swift */,
				7B579DD4287F0033007B1A15 /* LifeCycleUITestsLaunchTests.swift */,
			);
			path = LifeCycleUITests;
			sourceTree = "<group>";
		};
/* End PBXGroup section */

/* Begin PBXNativeTarget section */
		7B579DAD287F002B007B1A15 /* LifeCycle */ = {
			isa = PBXNativeTarget;
			buildConfigurationList = 7B579DD8287F0033007B1A15 /* Build configuration list for PBXNativeTarget "LifeCycle" */;
			buildPhases = (
				7B579DAA287F002B007B1A15 /* Sources */,
				7B579DAB287F002B007B1A15 /* Frameworks */,
				7B579DAC287F002B007B1A15 /* Resources */,
			);
			buildRules = (
			);
			dependencies = (
			);
			name = LifeCycle;
			productName = LifeCycle;
			productReference = 7B579DAE287F002B007B1A15 /* LifeCycle.app */;
			productType = "com.apple.product-type.application";
		};
		7B579DC3287F0033007B1A15 /* LifeCycleTests */ = {
			isa = PBXNativeTarget;
			buildConfigurationList = 7B579DDB287F0033007B1A15 /* Build configuration list for PBXNativeTarget "LifeCycleTests" */;
			buildPhases = (
				7B579DC0287F0033007B1A15 /* Sources */,
				7B579DC1287F0033007B1A15 /* Frameworks */,
				7B579DC2287F0033007B1A15 /* Resources */,
			);
			buildRules = (
			);
			dependencies = (
				7B579DC6287F0033007B1A15 /* PBXTargetDependency */,
			);
			name = LifeCycleTests;
			productName = LifeCycleTests;
			productReference = 7B579DC4287F0033007B1A15 /* LifeCycleTests.xctest */;
			productType = "com.apple.product-type.bundle.unit-test";
		};
		7B579DCD287F0033007B1A15 /* LifeCycleUITests */ = {
			isa = PBXNativeTarget;
			buildConfigurationList = 7B579DDE287F0033007B1A15 /* Build configuration list for PBXNativeTarget "LifeCycleUITests" */;
			buildPhases = (
				7B579DCA287F0033007B1A15 /* Sources */,
				7B579DCB287F0033007B1A15 /* Frameworks */,
				7B579DCC287F0033007B1A15 /* Resources */,
			);
			buildRules = (
			);
			dependencies = (
				7B579DD0287F0033007B1A15 /* PBXTargetDependency */,
			);
			name = LifeCycleUITests;
			productName = LifeCycleUITests;
			productReference = 7B579DCE287F0033007B1A15 /* LifeCycleUITests.xctest */;
			productType = "com.apple.product-type.bundle.ui-testing";
		};
/* End PBXNativeTarget section */

/* Begin PBXProject section */
		7B579DA6287F002B007B1A15 /* Project object */ = {
			isa = PBXProject;
			attributes = {
				BuildIndependentTargetsInParallel = 1;
				LastSwiftUpdateCheck = 1340;
				LastUpgradeCheck = 1340;
				TargetAttributes = {
					7B579DAD287F002B007B1A15 = {
						CreatedOnToolsVersion = 13.4.1;
					};
					7B579DC3287F0033007B1A15 = {
						CreatedOnToolsVersion = 13.4.1;
						TestTargetID = 7B579DAD287F002B007B1A15;
					};
					7B579DCD287F0033007B1A15 = {
						CreatedOnToolsVersion = 13.4.1;
						TestTargetID = 7B579DAD287F002B007B1A15;
					};
				};
			};
			buildConfigurationList = 7B579DA9287F002B007B1A15 /* Build configuration list for PBXProject "LifeCycle" */;
			compatibilityVersion = "Xcode 13.0";
			developmentRegion = en;
			hasScannedForEncodings = 0;
			knownRegions = (
				en,
				Base,
			);
			mainGroup = 7B579DA5287F002B007B1A15;
			productRefGroup = 7B579DAF287F002B007B1A15 /* Products */;
			projectDirPath = "";
			projectRoot = "";
			targets = (
				7B579DAD287F002B007B1A15 /* LifeCycle */,
				7B579DC3287F0033007B1A15 /* LifeCycleTests */,
				7B579DCD287F0033007B1A15 /* LifeCycleUITests */,
			);
		};
/* End PBXProject section */

/* Begin PBXResourcesBuildPhase section */
		7B579DAC287F002B007B1A15 /* Resources */ = {
			isa = PBXResourcesBuildPhase;
			buildActionMask = 2147483647;
			files = (
				7B579DBE287F0033007B1A15 /* LaunchScreen.storyboard in Resources */,
				7B579DBB287F0033007B1A15 /* Assets.xcassets in Resources */,
				7B579DB9287F002B007B1A15 /* Main.storyboard in Resources */,
			);
			runOnlyForDeploymentPostprocessing = 0;
		};
		7B579DC2287F0033007B1A15 /* Resources */ = {
			isa = PBXResourcesBuildPhase;
			buildActionMask = 2147483647;
			files = (
			);
			runOnlyForDeploymentPostprocessing = 0;
		};
		7B579DCC287F0033007B1A15 /* Resources */ = {
			isa = PBXResourcesBuildPhase;
			buildActionMask = 2147483647;
			files = (
			);
			runOnlyForDeploymentPostprocessing = 0;
		};
/* End PBXResourcesBuildPhase section */

/* Begin PBXSourcesBuildPhase section */
		7B579DAA287F002B007B1A15 /* Sources */ = {
			isa = PBXSourcesBuildPhase;
			buildActionMask = 2147483647;
			files = (
				7B579DE4287F04DD007B1A15 /* MyClass.swift in Sources */,
				7B579DB6287F002B007B1A15 /* ViewController.swift in Sources */,
				7B579DB2287F002B007B1A15 /* AppDelegate.swift in Sources */,
				7B579DB4287F002B007B1A15 /* SceneDelegate.swift in Sources */,
			);
			runOnlyForDeploymentPostprocessing = 0;
		};
		7B579DC0287F0033007B1A15 /* Sources */ = {
			isa = PBXSourcesBuildPhase;
			buildActionMask = 2147483647;
			files = (
				7B579DE8287F057D007B1A15 /* MyClassTest.swift in Sources */,
			);
			runOnlyForDeploymentPostprocessing = 0;
		};
		7B579DCA287F0033007B1A15 /* Sources */ = {
			isa = PBXSourcesBuildPhase;
			buildActionMask = 2147483647;
			files = (
				7B579DD3287F0033007B1A15 /* LifeCycleUITests.swift in Sources */,
				7B579DD5287F0033007B1A15 /* LifeCycleUITestsLaunchTests.swift in Sources */,
			);
			runOnlyForDeploymentPostprocessing = 0;
		};
/* End PBXSourcesBuildPhase section */

/* Begin PBXTargetDependency section */
		7B579DC6287F0033007B1A15 /* PBXTargetDependency */ = {
			isa = PBXTargetDependency;
			target = 7B579DAD287F002B007B1A15 /* LifeCycle */;
			targetProxy = 7B579DC5287F0033007B1A15 /* PBXContainerItemProxy */;
		};
		7B579DD0287F0033007B1A15 /* PBXTargetDependency */ = {
			isa = PBXTargetDependency;
			target = 7B579DAD287F002B007B1A15 /* LifeCycle */;
			targetProxy = 7B579DCF287F0033007B1A15 /* PBXContainerItemProxy */;
		};
/* End PBXTargetDependency section */

/* Begin PBXVariantGroup section */
		7B579DB7287F002B007B1A15 /* Main.storyboard */ = {
			isa = PBXVariantGroup;
			children = (
				7B579DB8287F002B007B1A15 /* Base */,
			);
			name = Main.storyboard;
			sourceTree = "<group>";
		};
		7B579DBC287F0033007B1A15 /* LaunchScreen.storyboard */ = {
			isa = PBXVariantGroup;
			children = (
				7B579DBD287F0033007B1A15 /* Base */,
			);
			name = LaunchScreen.storyboard;
			sourceTree = "<group>";
		};
/* End PBXVariantGroup section */

/* Begin XCBuildConfiguration section */
		7B579DD6287F0033007B1A15 /* Debug */ = {
			isa = XCBuildConfiguration;
			buildSettings = {
				ALWAYS_SEARCH_USER_PATHS = NO;
				CLANG_ANALYZER_NONNULL = YES;
				CLANG_ANALYZER_NUMBER_OBJECT_CONVERSION = YES_AGGRESSIVE;
				CLANG_CXX_LANGUAGE_STANDARD = "gnu++17";
				CLANG_ENABLE_MODULES = YES;
				CLANG_ENABLE_OBJC_ARC = YES;
				CLANG_ENABLE_OBJC_WEAK = YES;
				CLANG_WARN_BLOCK_CAPTURE_AUTORELEASING = YES;
				CLANG_WARN_BOOL_CONVERSION = YES;
				CLANG_WARN_COMMA = YES;
				CLANG_WARN_CONSTANT_CONVERSION = YES;
				CLANG_WARN_DEPRECATED_OBJC_IMPLEMENTATIONS = YES;
				CLANG_WARN_DIRECT_OBJC_ISA_USAGE = YES_ERROR;
				CLANG_WARN_DOCUMENTATION_COMMENTS = YES;
				CLANG_WARN_EMPTY_BODY = YES;
				CLANG_WARN_ENUM_CONVERSION = YES;
				CLANG_WARN_INFINITE_RECURSION = YES;
				CLANG_WARN_INT_CONVERSION = YES;
				CLANG_WARN_NON_LITERAL_NULL_CONVERSION = YES;
				CLANG_WARN_OBJC_IMPLICIT_RETAIN_SELF = YES;
				CLANG_WARN_OBJC_LITERAL_CONVERSION = YES;
				CLANG_WARN_OBJC_ROOT_CLASS = YES_ERROR;
				CLANG_WARN_QUOTED_INCLUDE_IN_FRAMEWORK_HEADER = YES;
				CLANG_WARN_RANGE_LOOP_ANALYSIS = YES;
				CLANG_WARN_STRICT_PROTOTYPES = YES;
				CLANG_WARN_SUSPICIOUS_MOVE = YES;
				CLANG_WARN_UNGUARDED_AVAILABILITY = YES_AGGRESSIVE;
				CLANG_WARN_UNREACHABLE_CODE = YES;
				CLANG_WARN__DUPLICATE_METHOD_MATCH = YES;
				COPY_PHASE_STRIP = NO;
				DEBUG_INFORMATION_FORMAT = dwarf;
				ENABLE_STRICT_OBJC_MSGSEND = YES;
				ENABLE_TESTABILITY = YES;
				GCC_C_LANGUAGE_STANDARD = gnu11;
				GCC_DYNAMIC_NO_PIC = NO;
				GCC_NO_COMMON_BLOCKS = YES;
				GCC_OPTIMIZATION_LEVEL = 0;
				GCC_PREPROCESSOR_DEFINITIONS = (
					"DEBUG=1",
					"$(inherited)",
				);
				GCC_WARN_64_TO_32_BIT_CONVERSION = YES;
				GCC_WARN_ABOUT_RETURN_TYPE = YES_ERROR;
				GCC_WARN_UNDECLARED_SELECTOR = YES;
				GCC_WARN_UNINITIALIZED_AUTOS = YES_AGGRESSIVE;
				GCC_WARN_UNUSED_FUNCTION = YES;
				GCC_WARN_UNUSED_VARIABLE = YES;
				IPHONEOS_DEPLOYMENT_TARGET = 15.5;
				MTL_ENABLE_DEBUG_INFO = INCLUDE_SOURCE;
				MTL_FAST_MATH = YES;
				ONLY_ACTIVE_ARCH = YES;
				SDKROOT = iphoneos;
				SWIFT_ACTIVE_COMPILATION_CONDITIONS = DEBUG;
				SWIFT_OPTIMIZATION_LEVEL = "-Onone";
			};
			name = Debug;
		};
		7B579DD7287F0033007B1A15 /* Release */ = {
			isa = XCBuildConfiguration;
			buildSettings = {
				ALWAYS_SEARCH_USER_PATHS = NO;
				CLANG_ANALYZER_NONNULL = YES;
				CLANG_ANALYZER_NUMBER_OBJECT_CONVERSION = YES_AGGRESSIVE;
				CLANG_CXX_LANGUAGE_STANDARD = "gnu++17";
				CLANG_ENABLE_MODULES = YES;
				CLANG_ENABLE_OBJC_ARC = YES;
				CLANG_ENABLE_OBJC_WEAK = YES;
				CLANG_WARN_BLOCK_CAPTURE_AUTORELEASING = YES;
				CLANG_WARN_BOOL_CONVERSION = YES;
				CLANG_WARN_COMMA = YES;
				CLANG_WARN_CONSTANT_CONVERSION = YES;
				CLANG_WARN_DEPRECATED_OBJC_IMPLEMENTATIONS = YES;
				CLANG_WARN_DIRECT_OBJC_ISA_USAGE = YES_ERROR;
				CLANG_WARN_DOCUMENTATION_COMMENTS = YES;
				CLANG_WARN_EMPTY_BODY = YES;
				CLANG_WARN_ENUM_CONVERSION = YES;
				CLANG_WARN_INFINITE_RECURSION = YES;
				CLANG_WARN_INT_CONVERSION = YES;
				CLANG_WARN_NON_LITERAL_NULL_CONVERSION = YES;
				CLANG_WARN_OBJC_IMPLICIT_RETAIN_SELF = YES;
				CLANG_WARN_OBJC_LITERAL_CONVERSION = YES;
				CLANG_WARN_OBJC_ROOT_CLASS = YES_ERROR;
				CLANG_WARN_QUOTED_INCLUDE_IN_FRAMEWORK_HEADER = YES;
				CLANG_WARN_RANGE_LOOP_ANALYSIS = YES;
				CLANG_WARN_STRICT_PROTOTYPES = YES;
				CLANG_WARN_SUSPICIOUS_MOVE = YES;
				CLANG_WARN_UNGUARDED_AVAILABILITY = YES_AGGRESSIVE;
				CLANG_WARN_UNREACHABLE_CODE = YES;
				CLANG_WARN__DUPLICATE_METHOD_MATCH = YES;
				COPY_PHASE_STRIP = NO;
				DEBUG_INFORMATION_FORMAT = "dwarf-with-dsym";
				ENABLE_NS_ASSERTIONS = NO;
				ENABLE_STRICT_OBJC_MSGSEND = YES;
				GCC_C_LANGUAGE_STANDARD = gnu11;
				GCC_NO_COMMON_BLOCKS = YES;
				GCC_WARN_64_TO_32_BIT_CONVERSION = YES;
				GCC_WARN_ABOUT_RETURN_TYPE = YES_ERROR;
				GCC_WARN_UNDECLARED_SELECTOR = YES;
				GCC_WARN_UNINITIALIZED_AUTOS = YES_AGGRESSIVE;
				GCC_WARN_UNUSED_FUNCTION = YES;
				GCC_WARN_UNUSED_VARIABLE = YES;
				IPHONEOS_DEPLOYMENT_TARGET = 15.5;
				MTL_ENABLE_DEBUG_INFO = NO;
				MTL_FAST_MATH = YES;
				SDKROOT = iphoneos;
				SWIFT_COMPILATION_MODE = wholemodule;
				SWIFT_OPTIMIZATION_LEVEL = "-O";
				VALIDATE_PRODUCT = YES;
			};
			name = Release;
		};
		7B579DD9287F0033007B1A15 /* Debug */ = {
			isa = XCBuildConfiguration;
			buildSettings = {
				ASSETCATALOG_COMPILER_APPICON_NAME = AppIcon;
				ASSETCATALOG_COMPILER_GLOBAL_ACCENT_COLOR_NAME = AccentColor;
				CODE_SIGN_STYLE = Automatic;
				CURRENT_PROJECT_VERSION = 1;
				DEVELOPMENT_TEAM = 9F7BXCAFA2;
				GENERATE_INFOPLIST_FILE = YES;
				INFOPLIST_FILE = LifeCycle/Info.plist;
				INFOPLIST_KEY_UIApplicationSupportsIndirectInputEvents = YES;
				INFOPLIST_KEY_UILaunchStoryboardName = LaunchScreen;
				INFOPLIST_KEY_UIMainStoryboardFile = Main;
				INFOPLIST_KEY_UISupportedInterfaceOrientations_iPad = "UIInterfaceOrientationPortrait UIInterfaceOrientationPortraitUpsideDown UIInterfaceOrientationLandscapeLeft UIInterfaceOrientationLandscapeRight";
				INFOPLIST_KEY_UISupportedInterfaceOrientations_iPhone = "UIInterfaceOrientationPortrait UIInterfaceOrientationLandscapeLeft UIInterfaceOrientationLandscapeRight";
				LD_RUNPATH_SEARCH_PATHS = (
					"$(inherited)",
					"@executable_path/Frameworks",
				);
				MARKETING_VERSION = 1.0;
				PRODUCT_BUNDLE_IDENTIFIER = com.codewithkyo.LifeCycle;
				PRODUCT_NAME = "$(TARGET_NAME)";
				SWIFT_EMIT_LOC_STRINGS = YES;
				SWIFT_VERSION = 5.0;
				TARGETED_DEVICE_FAMILY = "1,2";
			};
			name = Debug;
		};
		7B579DDA287F0033007B1A15 /* Release */ = {
			isa = XCBuildConfiguration;
			buildSettings = {
				ASSETCATALOG_COMPILER_APPICON_NAME = AppIcon;
				ASSETCATALOG_COMPILER_GLOBAL_ACCENT_COLOR_NAME = AccentColor;
				CODE_SIGN_STYLE = Automatic;
				CURRENT_PROJECT_VERSION = 1;
				DEVELOPMENT_TEAM = 9F7BXCAFA2;
				GENERATE_INFOPLIST_FILE = YES;
				INFOPLIST_FILE = LifeCycle/Info.plist;
				INFOPLIST_KEY_UIApplicationSupportsIndirectInputEvents = YES;
				INFOPLIST_KEY_UILaunchStoryboardName = LaunchScreen;
				INFOPLIST_KEY_UIMainStoryboardFile = Main;
				INFOPLIST_KEY_UISupportedInterfaceOrientations_iPad = "UIInterfaceOrientationPortrait UIInterfaceOrientationPortraitUpsideDown UIInterfaceOrientationLandscapeLeft UIInterfaceOrientationLandscapeRight";
				INFOPLIST_KEY_UISupportedInterfaceOrientations_iPhone = "UIInterfaceOrientationPortrait UIInterfaceOrientationLandscapeLeft UIInterfaceOrientationLandscapeRight";
				LD_RUNPATH_SEARCH_PATHS = (
					"$(inherited)",
					"@executable_path/Frameworks",
				);
				MARKETING_VERSION = 1.0;
				PRODUCT_BUNDLE_IDENTIFIER = com.codewithkyo.LifeCycle;
				PRODUCT_NAME = "$(TARGET_NAME)";
				SWIFT_EMIT_LOC_STRINGS = YES;
				SWIFT_VERSION = 5.0;
				TARGETED_DEVICE_FAMILY = "1,2";
			};
			name = Release;
		};
		7B579DDC287F0033007B1A15 /* Debug */ = {
			isa = XCBuildConfiguration;
			buildSettings = {
				ALWAYS_EMBED_SWIFT_STANDARD_LIBRARIES = YES;
				BUNDLE_LOADER = "$(TEST_HOST)";
				CODE_SIGN_STYLE = Automatic;
				CURRENT_PROJECT_VERSION = 1;
				DEVELOPMENT_TEAM = 9F7BXCAFA2;
				GENERATE_INFOPLIST_FILE = YES;
				IPHONEOS_DEPLOYMENT_TARGET = 15.5;
				MARKETING_VERSION = 1.0;
				PRODUCT_BUNDLE_IDENTIFIER = com.codewithkyo.LifeCycleTests;
				PRODUCT_NAME = "$(TARGET_NAME)";
				SWIFT_EMIT_LOC_STRINGS = NO;
				SWIFT_VERSION = 5.0;
				TARGETED_DEVICE_FAMILY = "1,2";
				TEST_HOST = "$(BUILT_PRODUCTS_DIR)/LifeCycle.app/LifeCycle";
			};
			name = Debug;
		};
		7B579DDD287F0033007B1A15 /* Release */ = {
			isa = XCBuildConfiguration;
			buildSettings = {
				ALWAYS_EMBED_SWIFT_STANDARD_LIBRARIES = YES;
				BUNDLE_LOADER = "$(TEST_HOST)";
				CODE_SIGN_STYLE = Automatic;
				CURRENT_PROJECT_VERSION = 1;
				DEVELOPMENT_TEAM = 9F7BXCAFA2;
				GENERATE_INFOPLIST_FILE = YES;
				IPHONEOS_DEPLOYMENT_TARGET = 15.5;
				MARKETING_VERSION = 1.0;
				PRODUCT_BUNDLE_IDENTIFIER = com.codewithkyo.LifeCycleTests;
				PRODUCT_NAME = "$(TARGET_NAME)";
				SWIFT_EMIT_LOC_STRINGS = NO;
				SWIFT_VERSION = 5.0;
				TARGETED_DEVICE_FAMILY = "1,2";
				TEST_HOST = "$(BUILT_PRODUCTS_DIR)/LifeCycle.app/LifeCycle";
			};
			name = Release;
		};
		7B579DDF287F0033007B1A15 /* Debug */ = {
			isa = XCBuildConfiguration;
			buildSettings = {
				ALWAYS_EMBED_SWIFT_STANDARD_LIBRARIES = YES;
				CODE_SIGN_STYLE = Automatic;
				CURRENT_PROJECT_VERSION = 1;
				DEVELOPMENT_TEAM = 9F7BXCAFA2;
				GENERATE_INFOPLIST_FILE = YES;
				MARKETING_VERSION = 1.0;
				PRODUCT_BUNDLE_IDENTIFIER = com.codewithkyo.LifeCycleUITests;
				PRODUCT_NAME = "$(TARGET_NAME)";
				SWIFT_EMIT_LOC_STRINGS = NO;
				SWIFT_VERSION = 5.0;
				TARGETED_DEVICE_FAMILY = "1,2";
				TEST_TARGET_NAME = LifeCycle;
			};
			name = Debug;
		};
		7B579DE0287F0033007B1A15 /* Release */ = {
			isa = XCBuildConfiguration;
			buildSettings = {
				ALWAYS_EMBED_SWIFT_STANDARD_LIBRARIES = YES;
				CODE_SIGN_STYLE = Automatic;
				CURRENT_PROJECT_VERSION = 1;
				DEVELOPMENT_TEAM = 9F7BXCAFA2;
				GENERATE_INFOPLIST_FILE = YES;
				MARKETING_VERSION = 1.0;
				PRODUCT_BUNDLE_IDENTIFIER = com.codewithkyo.LifeCycleUITests;
				PRODUCT_NAME = "$(TARGET_NAME)";
				SWIFT_EMIT_LOC_STRINGS = NO;
				SWIFT_VERSION = 5.0;
				TARGETED_DEVICE_FAMILY = "1,2";
				TEST_TARGET_NAME = LifeCycle;
			};
			name = Release;
		};
/* End XCBuildConfiguration section */

/* Begin XCConfigurationList section */
		7B579DA9287F002B007B1A15 /* Build configuration list for PBXProject "LifeCycle" */ = {
			isa = XCConfigurationList;
			buildConfigurations = (
				7B579DD6287F0033007B1A15 /* Debug */,
				7B579DD7287F0033007B1A15 /* Release */,
			);
			defaultConfigurationIsVisible = 0;
			defaultConfigurationName = Release;
		};
		7B579DD8287F0033007B1A15 /* Build configuration list for PBXNativeTarget "LifeCycle" */ = {
			isa = XCConfigurationList;
			buildConfigurations = (
				7B579DD9287F0033007B1A15 /* Debug */,
				7B579DDA287F0033007B1A15 /* Release */,
			);
			defaultConfigurationIsVisible = 0;
			defaultConfigurationName = Release;
		};
		7B579DDB287F0033007B1A15 /* Build configuration list for PBXNativeTarget "LifeCycleTests" */ = {
			isa = XCConfigurationList;
			buildConfigurations = (
				7B579DDC287F0033007B1A15 /* Debug */,
				7B579DDD287F0033007B1A15 /* Release */,
			);
			defaultConfigurationIsVisible = 0;
			defaultConfigurationName = Release;
		};
		7B579DDE287F0033007B1A15 /* Build configuration list for PBXNativeTarget "LifeCycleUITests" */ = {
			isa = XCConfigurationList;
			buildConfigurations = (
				7B579DDF287F0033007B1A15 /* Debug */,
				7B579DE0287F0033007B1A15 /* Release */,
			);
			defaultConfigurationIsVisible = 0;
			defaultConfigurationName = Release;
		};
/* End XCConfigurationList section */
	};
	rootObject = 7B579DA6287F002B007B1A15 /* Project object */;
}
